
Microsoft Visual Studio Solution File, Format Version 12.00
# Visual Studio Version 17
VisualStudioVersion = 17.14.36401.2 d17.14
MinimumVisualStudioVersion = 10.0.40219.1
Project("{8BC9CEB8-8B4A-11D0-8D11-00A0C91BC942}") = "c_test02", "c_test02.vcxproj", "{E74EC4E7-F1E4-4E59-BC65-EFED8AAFC877}"
EndProject
Global
	GlobalSection(SolutionConfigurationPlatforms) = preSolution
		Debug|x64 = Debug|x64
		Debug|x86 = Debug|x86
		Release|x64 = Release|x64
		Release|x86 = Release|x86
	EndGlobalSection
	GlobalSection(ProjectConfigurationPlatforms) = postSolution
		{E74EC4E7-F1E4-4E59-BC65-EFED8AAFC877}.Debug|x64.ActiveCfg = Debug|x64
		{E74EC4E7-F1E4-4E59-BC65-EFED8AAFC877}.Debug|x64.Build.0 = Debug|x64
		{E74EC4E7-F1E4-4E59-BC65-EFED8AAFC877}.Debug|x86.ActiveCfg = Debug|Win32
		{E74EC4E7-F1E4-4E59-BC65-EFED8AAFC877}.Debug|x86.Build.0 = Debug|Win32
		{E74EC4E7-F1E4-4E59-BC65-EFED8AAFC877}.Release|x64.ActiveCfg = Release|x64
		{E74EC4E7-F1E4-4E59-BC65-EFED8AAFC877}.Release|x64.Build.0 = Release|x64
		{E74EC4E7-F1E4-4E59-BC65-EFED8AAFC877}.Release|x86.ActiveCfg = Release|Win32
		{E74EC4E7-F1E4-4E59-BC65-EFED8AAFC877}.Release|x86.Build.0 = Release|Win32
	EndGlobalSection
	GlobalSection(SolutionProperties) = preSolution
		HideSolutionNode = FALSE
	EndGlobalSection
	GlobalSection(ExtensibilityGlobals) = postSolution
		SolutionGuid = {742A85CD-B72C-4719-A9CC-A7818315F42D}
	EndGlobalSection
EndGlobal
